
Microsoft Visual Studio Solution File, Format Version 12.00
# Visual Studio Version 16
VisualStudioVersion = 16.0.31702.278
MinimumVisualStudioVersion = 10.0.40219.1
Project("{FAE04EC0-301F-11D3-BF4B-00C04F79EFBC}") = "AppGameScoreStandard.UWP", "AppGameScoreStandard\AppGameScoreStandard.UWP\AppGameScoreStandard.UWP.csproj", "{15960F98-5E61-4121-AD47-6C9D2C6EC44F}"
EndProject
Project("{FAE04EC0-301F-11D3-BF4B-00C04F79EFBC}") = "AppGameScoreStandard.Android", "AppGameScoreStandard\AppGameScoreStandard.Android\AppGameScoreStandard.Android.csproj", "{E0EE490C-66AA-479F-AC62-BF86AC9B63B0}"
EndProject
Project("{FAE04EC0-301F-11D3-BF4B-00C04F79EFBC}") = "AppGameScoreStandard.iOS", "AppGameScoreStandard\AppGameScoreStandard.iOS\AppGameScoreStandard.iOS.csproj", "{D9D5520A-0000-463D-955B-6EC392363F33}"
EndProject
Project("{FAE04EC0-301F-11D3-BF4B-00C04F79EFBC}") = "AppGameScoreStandard", "AppGameScoreStandard\AppGameScoreStandard\AppGameScoreStandard.csproj", "{A2F1A406-80D0-45F7-9A24-7E5ED786F4FF}"
EndProject
Global
	GlobalSection(SolutionConfigurationPlatforms) = preSolution
		Debug|Any CPU = Debug|Any CPU
		Debug|ARM = Debug|ARM
		Debug|iPhone = Debug|iPhone
		Debug|iPhoneSimulator = Debug|iPhoneSimulator
		Debug|x64 = Debug|x64
		Debug|x86 = Debug|x86
		Release|Any CPU = Release|Any CPU
		Release|ARM = Release|ARM
		Release|iPhone = Release|iPhone
		Release|iPhoneSimulator = Release|iPhoneSimulator
		Release|x64 = Release|x64
		Release|x86 = Release|x86
	EndGlobalSection
	GlobalSection(ProjectConfigurationPlatforms) = postSolution
		{15960F98-5E61-4121-AD47-6C9D2C6EC44F}.Debug|Any CPU.ActiveCfg = Debug|x86
		{15960F98-5E61-4121-AD47-6C9D2C6EC44F}.Debug|Any CPU.Build.0 = Debug|x86
		{15960F98-5E61-4121-AD47-6C9D2C6EC44F}.Debug|Any CPU.Deploy.0 = Debug|x86
		{15960F98-5E61-4121-AD47-6C9D2C6EC44F}.Debug|ARM.ActiveCfg = Debug|ARM
		{15960F98-5E61-4121-AD47-6C9D2C6EC44F}.Debug|ARM.Build.0 = Debug|ARM
		{15960F98-5E61-4121-AD47-6C9D2C6EC44F}.Debug|ARM.Deploy.0 = Debug|ARM
		{15960F98-5E61-4121-AD47-6C9D2C6EC44F}.Debug|iPhone.ActiveCfg = Debug|x86
		{15960F98-5E61-4121-AD47-6C9D2C6EC44F}.Debug|iPhone.Build.0 = Debug|x86
		{15960F98-5E61-4121-AD47-6C9D2C6EC44F}.Debug|iPhone.Deploy.0 = Debug|x86
		{15960F98-5E61-4121-AD47-6C9D2C6EC44F}.Debug|iPhoneSimulator.ActiveCfg = Debug|x86
		{15960F98-5E61-4121-AD47-6C9D2C6EC44F}.Debug|iPhoneSimulator.Build.0 = Debug|x86
		{15960F98-5E61-4121-AD47-6C9D2C6EC44F}.Debug|iPhoneSimulator.Deploy.0 = Debug|x86
		{15960F98-5E61-4121-AD47-6C9D2C6EC44F}.Debug|x64.ActiveCfg = Debug|x64
		{15960F98-5E61-4121-AD47-6C9D2C6EC44F}.Debug|x64.Build.0 = Debug|x64
		{15960F98-5E61-4121-AD47-6C9D2C6EC44F}.Debug|x64.Deploy.0 = Debug|x64
		{15960F98-5E61-4121-AD47-6C9D2C6EC44F}.Debug|x86.ActiveCfg = Debug|x86
		{15960F98-5E61-4121-AD47-6C9D2C6EC44F}.Debug|x86.Build.0 = Debug|x86
		{15960F98-5E61-4121-AD47-6C9D2C6EC44F}.Debug|x86.Deploy.0 = Debug|x86
		{15960F98-5E61-4121-AD47-6C9D2C6EC44F}.Release|Any CPU.ActiveCfg = Release|x86
		{15960F98-5E61-4121-AD47-6C9D2C6EC44F}.Release|Any CPU.Build.0 = Release|x86
		{15960F98-5E61-4121-AD47-6C9D2C6EC44F}.Release|Any CPU.Deploy.0 = Release|x86
		{15960F98-5E61-4121-AD47-6C9D2C6EC44F}.Release|ARM.ActiveCfg = Release|ARM
		{15960F98-5E61-4121-AD47-6C9D2C6EC44F}.Release|ARM.Build.0 = Release|ARM
		{15960F98-5E61-4121-AD47-6C9D2C6EC44F}.Release|ARM.Deploy.0 = Release|ARM
		{15960F98-5E61-4121-AD47-6C9D2C6EC44F}.Release|iPhone.ActiveCfg = Release|x86
		{15960F98-5E61-4121-AD47-6C9D2C6EC44F}.Release|iPhone.Build.0 = Release|x86
		{15960F98-5E61-4121-AD47-6C9D2C6EC44F}.Release|iPhone.Deploy.0 = Release|x86
		{15960F98-5E61-4121-AD47-6C9D2C6EC44F}.Release|iPhoneSimulator.ActiveCfg = Release|x86
		{15960F98-5E61-4121-AD47-6C9D2C6EC44F}.Release|iPhoneSimulator.Build.0 = Release|x86
		{15960F98-5E61-4121-AD47-6C9D2C6EC44F}.Release|iPhoneSimulator.Deploy.0 = Release|x86
		{15960F98-5E61-4121-AD47-6C9D2C6EC44F}.Release|x64.ActiveCfg = Release|x64
		{15960F98-5E61-4121-AD47-6C9D2C6EC44F}.Release|x64.Build.0 = Release|x64
		{15960F98-5E61-4121-AD47-6C9D2C6EC44F}.Release|x64.Deploy.0 = Release|x64
		{15960F98-5E61-4121-AD47-6C9D2C6EC44F}.Release|x86.ActiveCfg = Release|x86
		{15960F98-5E61-4121-AD47-6C9D2C6EC44F}.Release|x86.Build.0 = Release|x86
		{15960F98-5E61-4121-AD47-6C9D2C6EC44F}.Release|x86.Deploy.0 = Release|x86
		{E0EE490C-66AA-479F-AC62-BF86AC9B63B0}.Debug|Any CPU.ActiveCfg = Debug|Any CPU
		{E0EE490C-66AA-479F-AC62-BF86AC9B63B0}.Debug|Any CPU.Build.0 = Debug|Any CPU
		{E0EE490C-66AA-479F-AC62-BF86AC9B63B0}.Debug|Any CPU.Deploy.0 = Debug|Any CPU
		{E0EE490C-66AA-479F-AC62-BF86AC9B63B0}.Debug|ARM.ActiveCfg = Debug|Any CPU
		{E0EE490C-66AA-479F-AC62-BF86AC9B63B0}.Debug|ARM.Build.0 = Debug|Any CPU
		{E0EE490C-66AA-479F-AC62-BF86AC9B63B0}.Debug|ARM.Deploy.0 = Debug|Any CPU
		{E0EE490C-66AA-479F-AC62-BF86AC9B63B0}.Debug|iPhone.ActiveCfg = Debug|Any CPU
		{E0EE490C-66AA-479F-AC62-BF86AC9B63B0}.Debug|iPhone.Build.0 = Debug|Any CPU
		{E0EE490C-66AA-479F-AC62-BF86AC9B63B0}.Debug|iPhone.Deploy.0 = Debug|Any CPU
		{E0EE490C-66AA-479F-AC62-BF86AC9B63B0}.Debug|iPhoneSimulator.ActiveCfg = Debug|Any CPU
		{E0EE490C-66AA-479F-AC62-BF86AC9B63B0}.Debug|iPhoneSimulator.Build.0 = Debug|Any CPU
		{E0EE490C-66AA-479F-AC62-BF86AC9B63B0}.Debug|iPhoneSimulator.Deploy.0 = Debug|Any CPU
		{E0EE490C-66AA-479F-AC62-BF86AC9B63B0}.Debug|x64.ActiveCfg = Debug|Any CPU
		{E0EE490C-66AA-479F-AC62-BF86AC9B63B0}.Debug|x64.Build.0 = Debug|Any CPU
		{E0EE490C-66AA-479F-AC62-BF86AC9B63B0}.Debug|x64.Deploy.0 = Debug|Any CPU
		{E0EE490C-66AA-479F-AC62-BF86AC9B63B0}.Debug|x86.ActiveCfg = Debug|Any CPU
		{E0EE490C-66AA-479F-AC62-BF86AC9B63B0}.Debug|x86.Build.0 = Debug|Any CPU
		{E0EE490C-66AA-479F-AC62-BF86AC9B63B0}.Debug|x86.Deploy.0 = Debug|Any CPU
		{E0EE490C-66AA-479F-AC62-BF86AC9B63B0}.Release|Any CPU.ActiveCfg = Release|Any CPU
		{E0EE490C-66AA-479F-AC62-BF86AC9B63B0}.Release|Any CPU.Build.0 = Release|Any CPU
		{E0EE490C-66AA-479F-AC62-BF86AC9B63B0}.Release|Any CPU.Deploy.0 = Release|Any CPU
		{E0EE490C-66AA-479F-AC62-BF86AC9B63B0}.Release|ARM.ActiveCfg = Release|Any CPU
		{E0EE490C-66AA-479F-AC62-BF86AC9B63B0}.Release|ARM.Build.0 = Release|Any CPU
		{E0EE490C-66AA-479F-AC62-BF86AC9B63B0}.Release|ARM.Deploy.0 = Release|Any CPU
		{E0EE490C-66AA-479F-AC62-BF86AC9B63B0}.Release|iPhone.ActiveCfg = Release|Any CPU
		{E0EE490C-66AA-479F-AC62-BF86AC9B63B0}.Release|iPhone.Build.0 = Release|Any CPU
		{E0EE490C-66AA-479F-AC62-BF86AC9B63B0}.Release|iPhone.Deploy.0 = Release|Any CPU
		{E0EE490C-66AA-479F-AC62-BF86AC9B63B0}.Release|iPhoneSimulator.ActiveCfg = Release|Any CPU
		{E0EE490C-66AA-479F-AC62-BF86AC9B63B0}.Release|iPhoneSimulator.Build.0 = Release|Any CPU
		{E0EE490C-66AA-479F-AC62-BF86AC9B63B0}.Release|iPhoneSimulator.Deploy.0 = Release|Any CPU
		{E0EE490C-66AA-479F-AC62-BF86AC9B63B0}.Release|x64.ActiveCfg = Release|Any CPU
		{E0EE490C-66AA-479F-AC62-BF86AC9B63B0}.Release|x64.Build.0 = Release|Any CPU
		{E0EE490C-66AA-479F-AC62-BF86AC9B63B0}.Release|x64.Deploy.0 = Release|Any CPU
		{E0EE490C-66AA-479F-AC62-BF86AC9B63B0}.Release|x86.ActiveCfg = Release|Any CPU
		{E0EE490C-66AA-479F-AC62-BF86AC9B63B0}.Release|x86.Build.0 = Release|Any CPU
		{E0EE490C-66AA-479F-AC62-BF86AC9B63B0}.Release|x86.Deploy.0 = Release|Any CPU
		{D9D5520A-0000-463D-955B-6EC392363F33}.Debug|Any CPU.ActiveCfg = Debug|iPhoneSimulator
		{D9D5520A-0000-463D-955B-6EC392363F33}.Debug|Any CPU.Build.0 = Debug|iPhoneSimulator
		{D9D5520A-0000-463D-955B-6EC392363F33}.Debug|Any CPU.Deploy.0 = Debug|iPhoneSimulator
		{D9D5520A-0000-463D-955B-6EC392363F33}.Debug|ARM.ActiveCfg = Debug|iPhone
		{D9D5520A-0000-463D-955B-6EC392363F33}.Debug|ARM.Build.0 = Debug|iPhone
		{D9D5520A-0000-463D-955B-6EC392363F33}.Debug|ARM.Deploy.0 = Debug|iPhone
		{D9D5520A-0000-463D-955B-6EC392363F33}.Debug|iPhone.ActiveCfg = Debug|iPhone
		{D9D5520A-0000-463D-955B-6EC392363F33}.Debug|iPhone.Build.0 = Debug|iPhone
		{D9D5520A-0000-463D-955B-6EC392363F33}.Debug|iPhone.Deploy.0 = Debug|iPhone
		{D9D5520A-0000-463D-955B-6EC392363F33}.Debug|iPhoneSimulator.ActiveCfg = Debug|iPhoneSimulator
		{D9D5520A-0000-463D-955B-6EC392363F33}.Debug|iPhoneSimulator.Build.0 = Debug|iPhoneSimulator
		{D9D5520A-0000-463D-955B-6EC392363F33}.Debug|iPhoneSimulator.Deploy.0 = Debug|iPhoneSimulator
		{D9D5520A-0000-463D-955B-6EC392363F33}.Debug|x64.ActiveCfg = Debug|iPhoneSimulator
		{D9D5520A-0000-463D-955B-6EC392363F33}.Debug|x64.Build.0 = Debug|iPhoneSimulator
		{D9D5520A-0000-463D-955B-6EC392363F33}.Debug|x64.Deploy.0 = Debug|iPhoneSimulator
		{D9D5520A-0000-463D-955B-6EC392363F33}.Debug|x86.ActiveCfg = Debug|iPhoneSimulator
		{D9D5520A-0000-463D-955B-6EC392363F33}.Debug|x86.Build.0 = Debug|iPhoneSimulator
		{D9D5520A-0000-463D-955B-6EC392363F33}.Debug|x86.Deploy.0 = Debug|iPhoneSimulator
		{D9D5520A-0000-463D-955B-6EC392363F33}.Release|Any CPU.ActiveCfg = Release|iPhoneSimulator
		{D9D5520A-0000-463D-955B-6EC392363F33}.Release|Any CPU.Build.0 = Release|iPhoneSimulator
		{D9D5520A-0000-463D-955B-6EC392363F33}.Release|Any CPU.Deploy.0 = Release|iPhoneSimulator
		{D9D5520A-0000-463D-955B-6EC392363F33}.Release|ARM.ActiveCfg = Release|iPhoneSimulator
		{D9D5520A-0000-463D-955B-6EC392363F33}.Release|ARM.Build.0 = Release|iPhoneSimulator
		{D9D5520A-0000-463D-955B-6EC392363F33}.Release|ARM.Deploy.0 = Release|iPhoneSimulator
		{D9D5520A-0000-463D-955B-6EC392363F33}.Release|iPhone.ActiveCfg = Release|iPhone
		{D9D5520A-0000-463D-955B-6EC392363F33}.Release|iPhone.Build.0 = Release|iPhone
		{D9D5520A-0000-463D-955B-6EC392363F33}.Release|iPhone.Deploy.0 = Release|iPhone
		{D9D5520A-0000-463D-955B-6EC392363F33}.Release|iPhoneSimulator.ActiveCfg = Release|iPhoneSimulator
		{D9D5520A-0000-463D-955B-6EC392363F33}.Release|iPhoneSimulator.Build.0 = Release|iPhoneSimulator
		{D9D5520A-0000-463D-955B-6EC392363F33}.Release|iPhoneSimulator.Deploy.0 = Release|iPhoneSimulator
		{D9D5520A-0000-463D-955B-6EC392363F33}.Release|x64.ActiveCfg = Release|iPhoneSimulator
		{D9D5520A-0000-463D-955B-6EC392363F33}.Release|x64.Build.0 = Release|iPhoneSimulator
		{D9D5520A-0000-463D-955B-6EC392363F33}.Release|x64.Deploy.0 = Release|iPhoneSimulator
		{D9D5520A-0000-463D-955B-6EC392363F33}.Release|x86.ActiveCfg = Release|iPhoneSimulator
		{D9D5520A-0000-463D-955B-6EC392363F33}.Release|x86.Build.0 = Release|iPhoneSimulator
		{D9D5520A-0000-463D-955B-6EC392363F33}.Release|x86.Deploy.0 = Release|iPhoneSimulator
		{A2F1A406-80D0-45F7-9A24-7E5ED786F4FF}.Debug|Any CPU.ActiveCfg = Debug|Any CPU
		{A2F1A406-80D0-45F7-9A24-7E5ED786F4FF}.Debug|Any CPU.Build.0 = Debug|Any CPU
		{A2F1A406-80D0-45F7-9A24-7E5ED786F4FF}.Debug|Any CPU.Deploy.0 = Debug|Any CPU
		{A2F1A406-80D0-45F7-9A24-7E5ED786F4FF}.Debug|ARM.ActiveCfg = Debug|Any CPU
		{A2F1A406-80D0-45F7-9A24-7E5ED786F4FF}.Debug|ARM.Build.0 = Debug|Any CPU
		{A2F1A406-80D0-45F7-9A24-7E5ED786F4FF}.Debug|ARM.Deploy.0 = Debug|Any CPU
		{A2F1A406-80D0-45F7-9A24-7E5ED786F4FF}.Debug|iPhone.ActiveCfg = Debug|Any CPU
		{A2F1A406-80D0-45F7-9A24-7E5ED786F4FF}.Debug|iPhone.Build.0 = Debug|Any CPU
		{A2F1A406-80D0-45F7-9A24-7E5ED786F4FF}.Debug|iPhone.Deploy.0 = Debug|Any CPU
		{A2F1A406-80D0-45F7-9A24-7E5ED786F4FF}.Debug|iPhoneSimulator.ActiveCfg = Debug|Any CPU
		{A2F1A406-80D0-45F7-9A24-7E5ED786F4FF}.Debug|iPhoneSimulator.Build.0 = Debug|Any CPU
		{A2F1A406-80D0-45F7-9A24-7E5ED786F4FF}.Debug|iPhoneSimulator.Deploy.0 = Debug|Any CPU
		{A2F1A406-80D0-45F7-9A24-7E5ED786F4FF}.Debug|x64.ActiveCfg = Debug|Any CPU
		{A2F1A406-80D0-45F7-9A24-7E5ED786F4FF}.Debug|x64.Build.0 = Debug|Any CPU
		{A2F1A406-80D0-45F7-9A24-7E5ED786F4FF}.Debug|x64.Deploy.0 = Debug|Any CPU
		{A2F1A406-80D0-45F7-9A24-7E5ED786F4FF}.Debug|x86.ActiveCfg = Debug|Any CPU
		{A2F1A406-80D0-45F7-9A24-7E5ED786F4FF}.Debug|x86.Build.0 = Debug|Any CPU
		{A2F1A406-80D0-45F7-9A24-7E5ED786F4FF}.Debug|x86.Deploy.0 = Debug|Any CPU
		{A2F1A406-80D0-45F7-9A24-7E5ED786F4FF}.Release|Any CPU.ActiveCfg = Release|Any CPU
		{A2F1A406-80D0-45F7-9A24-7E5ED786F4FF}.Release|Any CPU.Build.0 = Release|Any CPU
		{A2F1A406-80D0-45F7-9A24-7E5ED786F4FF}.Release|Any CPU.Deploy.0 = Release|Any CPU
		{A2F1A406-80D0-45F7-9A24-7E5ED786F4FF}.Release|ARM.ActiveCfg = Release|Any CPU
		{A2F1A406-80D0-45F7-9A24-7E5ED786F4FF}.Release|ARM.Build.0 = Release|Any CPU
		{A2F1A406-80D0-45F7-9A24-7E5ED786F4FF}.Release|ARM.Deploy.0 = Release|Any CPU
		{A2F1A406-80D0-45F7-9A24-7E5ED786F4FF}.Release|iPhone.ActiveCfg = Release|Any CPU
		{A2F1A406-80D0-45F7-9A24-7E5ED786F4FF}.Release|iPhone.Build.0 = Release|Any CPU
		{A2F1A406-80D0-45F7-9A24-7E5ED786F4FF}.Release|iPhone.Deploy.0 = Release|Any CPU
		{A2F1A406-80D0-45F7-9A24-7E5ED786F4FF}.Release|iPhoneSimulator.ActiveCfg = Release|Any CPU
		{A2F1A406-80D0-45F7-9A24-7E5ED786F4FF}.Release|iPhoneSimulator.Build.0 = Release|Any CPU
		{A2F1A406-80D0-45F7-9A24-7E5ED786F4FF}.Release|iPhoneSimulator.Deploy.0 = Release|Any CPU
		{A2F1A406-80D0-45F7-9A24-7E5ED786F4FF}.Release|x64.ActiveCfg = Release|Any CPU
		{A2F1A406-80D0-45F7-9A24-7E5ED786F4FF}.Release|x64.Build.0 = Release|Any CPU
		{A2F1A406-80D0-45F7-9A24-7E5ED786F4FF}.Release|x64.Deploy.0 = Release|Any CPU
		{A2F1A406-80D0-45F7-9A24-7E5ED786F4FF}.Release|x86.ActiveCfg = Release|Any CPU
		{A2F1A406-80D0-45F7-9A24-7E5ED786F4FF}.Release|x86.Build.0 = Release|Any CPU
		{A2F1A406-80D0-45F7-9A24-7E5ED786F4FF}.Release|x86.Deploy.0 = Release|Any CPU
	EndGlobalSection
	GlobalSection(SolutionProperties) = preSolution
		HideSolutionNode = FALSE
	EndGlobalSection
	GlobalSection(ExtensibilityGlobals) = postSolution
		SolutionGuid = {05B68024-8C39-4D68-99D2-0B1497B9E904}
	EndGlobalSection
EndGlobal
